
Microsoft Visual Studio Solution File, Format Version 12.00
# Visual Studio Version 17
VisualStudioVersion = 17.7.34018.315
MinimumVisualStudioVersion = 10.0.40219.1
Project("{FAE04EC0-301F-11D3-BF4B-00C04F79EFBC}") = "Practicasc", "Practicasc.csproj", "{1AB6098C-EF5C-46A2-AC90-2EE3F57A7C2F}"
EndProject
Project("{FAE04EC0-301F-11D3-BF4B-00C04F79EFBC}") = "PracticaIf", "..\PracticaIf\PracticaIf.csproj", "{64F1EA9B-A59F-4635-B46E-8BC59CA51789}"
EndProject
Project("{FAE04EC0-301F-11D3-BF4B-00C04F79EFBC}") = "PracticaSwitch", "..\PracticaSwitch\PracticaSwitch.csproj", "{E1B0C0D5-CA89-4929-9E9F-579A9EEEBCA7}"
EndProject
Global
	GlobalSection(SolutionConfigurationPlatforms) = preSolution
		Debug|Any CPU = Debug|Any CPU
		Release|Any CPU = Release|Any CPU
	EndGlobalSection
	GlobalSection(ProjectConfigurationPlatforms) = postSolution
		{1AB6098C-EF5C-46A2-AC90-2EE3F57A7C2F}.Debug|Any CPU.ActiveCfg = Debug|Any CPU
		{1AB6098C-EF5C-46A2-AC90-2EE3F57A7C2F}.Debug|Any CPU.Build.0 = Debug|Any CPU
		{1AB6098C-EF5C-46A2-AC90-2EE3F57A7C2F}.Release|Any CPU.ActiveCfg = Release|Any CPU
		{1AB6098C-EF5C-46A2-AC90-2EE3F57A7C2F}.Release|Any CPU.Build.0 = Release|Any CPU
		{64F1EA9B-A59F-4635-B46E-8BC59CA51789}.Debug|Any CPU.ActiveCfg = Debug|Any CPU
		{64F1EA9B-A59F-4635-B46E-8BC59CA51789}.Debug|Any CPU.Build.0 = Debug|Any CPU
		{64F1EA9B-A59F-4635-B46E-8BC59CA51789}.Release|Any CPU.ActiveCfg = Release|Any CPU
		{64F1EA9B-A59F-4635-B46E-8BC59CA51789}.Release|Any CPU.Build.0 = Release|Any CPU
		{E1B0C0D5-CA89-4929-9E9F-579A9EEEBCA7}.Debug|Any CPU.ActiveCfg = Debug|Any CPU
		{E1B0C0D5-CA89-4929-9E9F-579A9EEEBCA7}.Debug|Any CPU.Build.0 = Debug|Any CPU
		{E1B0C0D5-CA89-4929-9E9F-579A9EEEBCA7}.Release|Any CPU.ActiveCfg = Release|Any CPU
		{E1B0C0D5-CA89-4929-9E9F-579A9EEEBCA7}.Release|Any CPU.Build.0 = Release|Any CPU
	EndGlobalSection
	GlobalSection(SolutionProperties) = preSolution
		HideSolutionNode = FALSE
	EndGlobalSection
	GlobalSection(ExtensibilityGlobals) = postSolution
		SolutionGuid = {10D8B470-701C-442A-B14A-D9323EE231C3}
	EndGlobalSection
EndGlobal
